{"packages":[{"digest":"b3:539f076f8c904ddaae83379ec6335496c24484f6d68750df2e172af9b54759b5","name":"prove","version":"0.1.0"},{"digest":"b3:3f395d0d68022330c1c6ad0718759b38e0c5663c3a2ff9000bec5ffba04acb79","name":"sim","version":"0.1.0"},{"digest":"b3:0d7e6abe4c09604b1a36d50c7c35ed65ea02cdf628afbd7348943a4d9b96d369","name":"store","version":"0.1.0"},{"digest":"b3:9ce4d91eb2c1a01b348e2e87e35bebd005e3ea0db969426c33892d465d4d9c21","name":"suite","version":"0.1.0"}],"version":1}
