{"packages":[{"digest":"b3:6fe5ec2561138e2ecf9d31403b1457931d27defc934c338abfc96f8cb8a80365","name":"prove","version":"0.1.0"},{"digest":"b3:c9cd008fbc4b135ec9826e0f4235331a04bcc7959832277923da5525006cdd91","name":"sim","version":"0.1.0"},{"digest":"b3:b71bf24b7d22b36a9158ab412264c9c279bbfca1426c740c97650bacd9476a6c","name":"store","version":"0.1.0"},{"digest":"b3:be024678842953bd7d9092a0579e32f2c0b0eb27e2893365822c93ed7d41be79","name":"suite","version":"0.1.0"}],"version":1}
