{"packages":[{"digest":"b3:092f7941290ecbd7fb2da256790f813d8819a124780fbaf8e44062a6f3e43e8f","name":"prove","version":"0.1.0"},{"digest":"b3:78304eb6bca90c29559a926df4a9b99f92fd5acec26048942feb23e7613d9cec","name":"sim","version":"0.1.0"},{"digest":"b3:17f38091454bca79407495cc940d9c81e54b4a087e3969b31239cbf63c459a73","name":"store","version":"0.1.0"},{"digest":"b3:587c643ca3df7784c5f882dafd23f160bfb6df39a29e756cd0298d3e43625f3b","name":"suite","version":"0.1.0"}],"version":1}
