{"packages":[{"digest":"b3:a46c15223c8abf57f676e04458a9c5d3e0d0c1cb460b3fc00d0257e06bab5339","name":"cli","version":"0.1.0"},{"digest":"b3:4b437660d469a2b5e3321ac9f97912786b73e8f3279d2bc4c9649b9c9f456667","name":"prove","version":"0.1.0"},{"digest":"b3:ab054b246317141336aeaf1830779391363b292e98811790043cb0f0f1388fd0","name":"suite","version":"0.1.0"}],"version":1}
